
Microsoft Visual Studio Solution File, Format Version 12.00
# Visual Studio Version 17
VisualStudioVersion = 17.5.33516.290
MinimumVisualStudioVersion = 10.0.40219.1
Project("{FAE04EC0-301F-11D3-BF4B-00C04F79EFBC}") = "Server", "Server\Server.csproj", "{27F501A8-550B-4565-9596-958B7C9D5564}"
EndProject
Global
	GlobalSection(SolutionConfigurationPlatforms) = preSolution
		Debug|Any CPU = Debug|Any CPU
		Release|Any CPU = Release|Any CPU
	EndGlobalSection
	GlobalSection(ProjectConfigurationPlatforms) = postSolution
		{27F501A8-550B-4565-9596-958B7C9D5564}.Debug|Any CPU.ActiveCfg = Debug|Any CPU
		{27F501A8-550B-4565-9596-958B7C9D5564}.Debug|Any CPU.Build.0 = Debug|Any CPU
		{27F501A8-550B-4565-9596-958B7C9D5564}.Release|Any CPU.ActiveCfg = Release|Any CPU
		{27F501A8-550B-4565-9596-958B7C9D5564}.Release|Any CPU.Build.0 = Release|Any CPU
	EndGlobalSection
	GlobalSection(SolutionProperties) = preSolution
		HideSolutionNode = FALSE
	EndGlobalSection
	GlobalSection(ExtensibilityGlobals) = postSolution
		SolutionGuid = {90190B3B-BE17-4BAA-ADE4-32B8D3870F95}
	EndGlobalSection
EndGlobal
